
Microsoft Visual Studio Solution File, Format Version 12.00
# Visual Studio Version 17
VisualStudioVersion = 17.7.34024.191
MinimumVisualStudioVersion = 10.0.40219.1
Project("{FAE04EC0-301F-11D3-BF4B-00C04F79EFBC}") = "wrkFloMealPlanner", "wrkFloMealPlanner.csproj", "{B40A455D-2BED-46A8-9C05-E9FB3B68CE6A}"
EndProject
Global
	GlobalSection(SolutionConfigurationPlatforms) = preSolution
		Debug|Any CPU = Debug|Any CPU
		Release|Any CPU = Release|Any CPU
	EndGlobalSection
	GlobalSection(ProjectConfigurationPlatforms) = postSolution
		{B40A455D-2BED-46A8-9C05-E9FB3B68CE6A}.Debug|Any CPU.ActiveCfg = Debug|Any CPU
		{B40A455D-2BED-46A8-9C05-E9FB3B68CE6A}.Debug|Any CPU.Build.0 = Debug|Any CPU
		{B40A455D-2BED-46A8-9C05-E9FB3B68CE6A}.Release|Any CPU.ActiveCfg = Release|Any CPU
		{B40A455D-2BED-46A8-9C05-E9FB3B68CE6A}.Release|Any CPU.Build.0 = Release|Any CPU
	EndGlobalSection
	GlobalSection(SolutionProperties) = preSolution
		HideSolutionNode = FALSE
	EndGlobalSection
	GlobalSection(ExtensibilityGlobals) = postSolution
		SolutionGuid = {33CBC5C4-0243-4E77-A25C-A67B9D12D70C}
	EndGlobalSection
EndGlobal
